
Microsoft Visual Studio Solution File, Format Version 11.00
# Visual Studio 2010
Project("{FAE04EC0-301F-11D3-BF4B-00C04F79EFBC}") = "wangzhebuyu1", "Assembly-CSharp-firstpass.csproj", "{3277D5E8-36AC-FA1F-FB9A-B202E1C37E65}"
EndProject
Project("{FAE04EC0-301F-11D3-BF4B-00C04F79EFBC}") = "wangzhebuyu1", "Assembly-CSharp.csproj", "{67719AB2-5FAA-0A51-0FE5-D2D11F2BD140}"
EndProject
Project("{FAE04EC0-301F-11D3-BF4B-00C04F79EFBC}") = "wangzhebuyu1", "Assembly-CSharp-Editor-firstpass.csproj", "{C435A043-B50E-AB70-F0DD-B0C387F6967A}"
EndProject
Project("{FAE04EC0-301F-11D3-BF4B-00C04F79EFBC}") = "wangzhebuyu1", "Assembly-CSharp-Editor.csproj", "{0BA846CC-6410-952A-EB2F-1FE3C6EC450C}"
EndProject
Global
	GlobalSection(SolutionConfigurationPlatforms) = preSolution
		Debug|Any CPU = Debug|Any CPU
		Release|Any CPU = Release|Any CPU
	EndGlobalSection
	GlobalSection(ProjectConfigurationPlatforms) = postSolution
		{3277D5E8-36AC-FA1F-FB9A-B202E1C37E65}.Debug|Any CPU.ActiveCfg = Debug|Any CPU
		{3277D5E8-36AC-FA1F-FB9A-B202E1C37E65}.Debug|Any CPU.Build.0 = Debug|Any CPU
		{3277D5E8-36AC-FA1F-FB9A-B202E1C37E65}.Release|Any CPU.ActiveCfg = Release|Any CPU
		{3277D5E8-36AC-FA1F-FB9A-B202E1C37E65}.Release|Any CPU.Build.0 = Release|Any CPU
		{67719AB2-5FAA-0A51-0FE5-D2D11F2BD140}.Debug|Any CPU.ActiveCfg = Debug|Any CPU
		{67719AB2-5FAA-0A51-0FE5-D2D11F2BD140}.Debug|Any CPU.Build.0 = Debug|Any CPU
		{67719AB2-5FAA-0A51-0FE5-D2D11F2BD140}.Release|Any CPU.ActiveCfg = Release|Any CPU
		{67719AB2-5FAA-0A51-0FE5-D2D11F2BD140}.Release|Any CPU.Build.0 = Release|Any CPU
		{C435A043-B50E-AB70-F0DD-B0C387F6967A}.Debug|Any CPU.ActiveCfg = Debug|Any CPU
		{C435A043-B50E-AB70-F0DD-B0C387F6967A}.Debug|Any CPU.Build.0 = Debug|Any CPU
		{C435A043-B50E-AB70-F0DD-B0C387F6967A}.Release|Any CPU.ActiveCfg = Release|Any CPU
		{C435A043-B50E-AB70-F0DD-B0C387F6967A}.Release|Any CPU.Build.0 = Release|Any CPU
		{0BA846CC-6410-952A-EB2F-1FE3C6EC450C}.Debug|Any CPU.ActiveCfg = Debug|Any CPU
		{0BA846CC-6410-952A-EB2F-1FE3C6EC450C}.Debug|Any CPU.Build.0 = Debug|Any CPU
		{0BA846CC-6410-952A-EB2F-1FE3C6EC450C}.Release|Any CPU.ActiveCfg = Release|Any CPU
		{0BA846CC-6410-952A-EB2F-1FE3C6EC450C}.Release|Any CPU.Build.0 = Release|Any CPU
	EndGlobalSection
	GlobalSection(SolutionProperties) = preSolution
		HideSolutionNode = FALSE
	EndGlobalSection
	GlobalSection(MonoDevelopProperties) = preSolution
		StartupItem = Assembly-CSharp.csproj
	EndGlobalSection
EndGlobal
