
Microsoft Visual Studio Solution File, Format Version 11.00
# Visual Studio 2010
Project("{FAE04EC0-301F-11D3-BF4B-00C04F79EFBC}") = "Xiaoyu", "Assembly-CSharp.csproj", "{8B99A90C-8FA8-C13D-1420-4EEB627923BE}"
EndProject
Project("{FAE04EC0-301F-11D3-BF4B-00C04F79EFBC}") = "Xiaoyu", "Assembly-CSharp-Editor.csproj", "{0C707998-2C96-DC03-858B-8FC02F4545B4}"
EndProject
Global
	GlobalSection(SolutionConfigurationPlatforms) = preSolution
		Debug|Any CPU = Debug|Any CPU
		Release|Any CPU = Release|Any CPU
	EndGlobalSection
	GlobalSection(ProjectConfigurationPlatforms) = postSolution
		{8B99A90C-8FA8-C13D-1420-4EEB627923BE}.Debug|Any CPU.ActiveCfg = Debug|Any CPU
		{8B99A90C-8FA8-C13D-1420-4EEB627923BE}.Debug|Any CPU.Build.0 = Debug|Any CPU
		{8B99A90C-8FA8-C13D-1420-4EEB627923BE}.Release|Any CPU.ActiveCfg = Release|Any CPU
		{8B99A90C-8FA8-C13D-1420-4EEB627923BE}.Release|Any CPU.Build.0 = Release|Any CPU
		{0C707998-2C96-DC03-858B-8FC02F4545B4}.Debug|Any CPU.ActiveCfg = Debug|Any CPU
		{0C707998-2C96-DC03-858B-8FC02F4545B4}.Debug|Any CPU.Build.0 = Debug|Any CPU
		{0C707998-2C96-DC03-858B-8FC02F4545B4}.Release|Any CPU.ActiveCfg = Release|Any CPU
		{0C707998-2C96-DC03-858B-8FC02F4545B4}.Release|Any CPU.Build.0 = Release|Any CPU
	EndGlobalSection
	GlobalSection(SolutionProperties) = preSolution
		HideSolutionNode = FALSE
	EndGlobalSection
	GlobalSection(MonoDevelopProperties) = preSolution
		StartupItem = Assembly-CSharp.csproj
	EndGlobalSection
EndGlobal
